{
  "src": {
    "owner": "blindFS",
    "repo": "topiary-nushell",
    "rev": "e5c4db10057d2223e00a1f8957987b243350c903",
    "hash": "sha256-rV0BNLVg+cKJtAprKLPLpfwOvYjCSMjfCKzS/kSUFu0="
  },
  "grammar": {
    "src": {
      "owner": "nushell",
      "repo": "tree-sitter-nu",
      "rev": "18b7f951e0c511f854685dfcc9f6a34981101dd6",
      "hash": "sha256-OSazwPrUD7kWz/oVeStnnXEJiDDmI7itiDPmg062Kl8="
    }
  }
}
