{
  "src": {
    "owner": "blindFS",
    "repo": "topiary-nushell",
    "rev": "71460ddb383a83286437ea951f946131ccca7e3f",
    "hash": "sha256-2DOqs/zIDIS/Fdy36txfncwpetrXxXY6RcQ0v+09cIc="
  },
  "grammar": {
    "src": {
      "owner": "nushell",
      "repo": "tree-sitter-nu",
      "rev": "18b7f951e0c511f854685dfcc9f6a34981101dd6",
      "hash": "sha256-OSazwPrUD7kWz/oVeStnnXEJiDDmI7itiDPmg062Kl8="
    }
  }
}