{
  "src": {
    "owner": "blindFS",
    "repo": "topiary-nushell",
    "rev": "a922f988062a529c936a4eddc45823396bae0d14",
    "hash": "sha256-VnDOj2NIz1/gEkfuCFPaVvOlDcWwBXYudEIwATb53/0="
  },
  "grammar": {
    "src": {
      "owner": "nushell",
      "repo": "tree-sitter-nu",
      "rev": "0e6c59c46db3c246eaf86ce5b325da1247e971a5",
      "hash": "sha256-qGKQTdMrxhsMSSY7ghFkc/32O6Fhps9b9oG1wo0m1NA="
    }
  }
}

